
Microsoft Visual Studio Solution File, Format Version 12.00
# Visual Studio Version 17
VisualStudioVersion = 17.3.32811.315
MinimumVisualStudioVersion = 10.0.40219.1
Project("{9A19103F-16F7-4668-BE54-9A1E7A4F7556}") = "ContainerStore.Data", "ContainerStore.Data\ContainerStore.Data.csproj", "{8CC666B5-9DF9-49B6-9F9D-7B06725EA8C9}"
EndProject
Project("{9A19103F-16F7-4668-BE54-9A1E7A4F7556}") = "ContainerStore.WebApi", "ContainerStore.WebApi\ContainerStore.WebApi.csproj", "{8C11AE9A-F0A2-4FBA-B5DD-FE2A6C1B71B5}"
EndProject
Project("{FAE04EC0-301F-11D3-BF4B-00C04F79EFBC}") = "ContainerStore.Common", "ContainerStore.Common\ContainerStore.Common.csproj", "{70968AEF-DF36-4FDA-B831-8676D5F01F6A}"
EndProject
Project("{FAE04EC0-301F-11D3-BF4B-00C04F79EFBC}") = "ContainerStore.Connectors", "ContainerStore.Connectors\ContainerStore.Connectors.csproj", "{88D82163-8B10-4711-9008-8277C2756563}"
EndProject
Project("{FAE04EC0-301F-11D3-BF4B-00C04F79EFBC}") = "IBApi", "IBApi\IBApi.csproj", "{741A19D7-A277-4C62-8368-761D17FAA123}"
EndProject
Project("{FAE04EC0-301F-11D3-BF4B-00C04F79EFBC}") = "ContainerStore.Traders", "ContainerStore.Traders\ContainerStore.Traders.csproj", "{C79A9EDD-8BDF-4C28-BB89-5CCB7DFE3E12}"
EndProject
Project("{FAE04EC0-301F-11D3-BF4B-00C04F79EFBC}") = "ContainerStore.Cui", "ContainerStore.Cui\ContainerStore.Cui.csproj", "{CD8D9772-77F8-430A-AAC2-11A20184B9DF}"
EndProject
Project("{FAE04EC0-301F-11D3-BF4B-00C04F79EFBC}") = "ContainerStore.Gui", "ContainerStore.Gui\ContainerStore.Gui.csproj", "{36985E1F-185E-4E36-8CDF-CE6CBD88115A}"
EndProject
Global
	GlobalSection(SolutionConfigurationPlatforms) = preSolution
		Debug|Any CPU = Debug|Any CPU
		Release|Any CPU = Release|Any CPU
	EndGlobalSection
	GlobalSection(ProjectConfigurationPlatforms) = postSolution
		{8CC666B5-9DF9-49B6-9F9D-7B06725EA8C9}.Debug|Any CPU.ActiveCfg = Debug|Any CPU
		{8CC666B5-9DF9-49B6-9F9D-7B06725EA8C9}.Debug|Any CPU.Build.0 = Debug|Any CPU
		{8CC666B5-9DF9-49B6-9F9D-7B06725EA8C9}.Release|Any CPU.ActiveCfg = Release|Any CPU
		{8CC666B5-9DF9-49B6-9F9D-7B06725EA8C9}.Release|Any CPU.Build.0 = Release|Any CPU
		{8C11AE9A-F0A2-4FBA-B5DD-FE2A6C1B71B5}.Debug|Any CPU.ActiveCfg = Debug|Any CPU
		{8C11AE9A-F0A2-4FBA-B5DD-FE2A6C1B71B5}.Debug|Any CPU.Build.0 = Debug|Any CPU
		{8C11AE9A-F0A2-4FBA-B5DD-FE2A6C1B71B5}.Release|Any CPU.ActiveCfg = Release|Any CPU
		{8C11AE9A-F0A2-4FBA-B5DD-FE2A6C1B71B5}.Release|Any CPU.Build.0 = Release|Any CPU
		{70968AEF-DF36-4FDA-B831-8676D5F01F6A}.Debug|Any CPU.ActiveCfg = Debug|Any CPU
		{70968AEF-DF36-4FDA-B831-8676D5F01F6A}.Debug|Any CPU.Build.0 = Debug|Any CPU
		{70968AEF-DF36-4FDA-B831-8676D5F01F6A}.Release|Any CPU.ActiveCfg = Release|Any CPU
		{70968AEF-DF36-4FDA-B831-8676D5F01F6A}.Release|Any CPU.Build.0 = Release|Any CPU
		{88D82163-8B10-4711-9008-8277C2756563}.Debug|Any CPU.ActiveCfg = Debug|Any CPU
		{88D82163-8B10-4711-9008-8277C2756563}.Debug|Any CPU.Build.0 = Debug|Any CPU
		{88D82163-8B10-4711-9008-8277C2756563}.Release|Any CPU.ActiveCfg = Release|Any CPU
		{88D82163-8B10-4711-9008-8277C2756563}.Release|Any CPU.Build.0 = Release|Any CPU
		{741A19D7-A277-4C62-8368-761D17FAA123}.Debug|Any CPU.ActiveCfg = Debug|Any CPU
		{741A19D7-A277-4C62-8368-761D17FAA123}.Debug|Any CPU.Build.0 = Debug|Any CPU
		{741A19D7-A277-4C62-8368-761D17FAA123}.Release|Any CPU.ActiveCfg = Release|Any CPU
		{741A19D7-A277-4C62-8368-761D17FAA123}.Release|Any CPU.Build.0 = Release|Any CPU
		{C79A9EDD-8BDF-4C28-BB89-5CCB7DFE3E12}.Debug|Any CPU.ActiveCfg = Debug|Any CPU
		{C79A9EDD-8BDF-4C28-BB89-5CCB7DFE3E12}.Debug|Any CPU.Build.0 = Debug|Any CPU
		{C79A9EDD-8BDF-4C28-BB89-5CCB7DFE3E12}.Release|Any CPU.ActiveCfg = Release|Any CPU
		{C79A9EDD-8BDF-4C28-BB89-5CCB7DFE3E12}.Release|Any CPU.Build.0 = Release|Any CPU
		{CD8D9772-77F8-430A-AAC2-11A20184B9DF}.Debug|Any CPU.ActiveCfg = Debug|Any CPU
		{CD8D9772-77F8-430A-AAC2-11A20184B9DF}.Debug|Any CPU.Build.0 = Debug|Any CPU
		{CD8D9772-77F8-430A-AAC2-11A20184B9DF}.Release|Any CPU.ActiveCfg = Release|Any CPU
		{CD8D9772-77F8-430A-AAC2-11A20184B9DF}.Release|Any CPU.Build.0 = Release|Any CPU
		{36985E1F-185E-4E36-8CDF-CE6CBD88115A}.Debug|Any CPU.ActiveCfg = Debug|Any CPU
		{36985E1F-185E-4E36-8CDF-CE6CBD88115A}.Debug|Any CPU.Build.0 = Debug|Any CPU
		{36985E1F-185E-4E36-8CDF-CE6CBD88115A}.Release|Any CPU.ActiveCfg = Release|Any CPU
		{36985E1F-185E-4E36-8CDF-CE6CBD88115A}.Release|Any CPU.Build.0 = Release|Any CPU
	EndGlobalSection
	GlobalSection(SolutionProperties) = preSolution
		HideSolutionNode = FALSE
	EndGlobalSection
	GlobalSection(ExtensibilityGlobals) = postSolution
		SolutionGuid = {A03DAE9A-58BE-4559-BE7E-D321ED5BB3BF}
	EndGlobalSection
EndGlobal
