
Microsoft Visual Studio Solution File, Format Version 12.00
# Visual Studio Version 17
VisualStudioVersion = 17.0.31903.59
MinimumVisualStudioVersion = 10.0.40219.1
Project("{9A19103F-16F7-4668-BE54-9A1E7A4F7556}") = "Common", "Common\Common.csproj", "{9764BB3B-30F6-4003-9E13-4964ACC67793}"
EndProject
Project("{9A19103F-16F7-4668-BE54-9A1E7A4F7556}") = "Connectors", "Connectors\Connectors.csproj", "{BCD94F35-D5B1-4066-BA34-249E256FFBB4}"
EndProject
Project("{9A19103F-16F7-4668-BE54-9A1E7A4F7556}") = "IBApi", "IBApi\IBApi.csproj", "{3BD0811B-F008-4FA9-BD3D-7672DDC42C80}"
EndProject
Project("{9A19103F-16F7-4668-BE54-9A1E7A4F7556}") = "OptionTraderWebGui", "OptionTraderWebGui\OptionTraderWebGui.csproj", "{668CD8A1-AFE8-48BA-BFED-946F42CB744B}"
EndProject
Project("{9A19103F-16F7-4668-BE54-9A1E7A4F7556}") = "Traders", "Traders\Traders.csproj", "{F9F93293-A0F3-4A1E-885E-6E60D67928CF}"
EndProject
Project("{9A19103F-16F7-4668-BE54-9A1E7A4F7556}") = "BffLogger", "BffLogger\BffLogger.csproj", "{D5C4D2A3-4169-442B-A666-48137204D6C3}"
EndProject
Project("{FAE04EC0-301F-11D3-BF4B-00C04F79EFBC}") = "OptionTraderClient", "OptionTraderClient\OptionTraderClient.csproj", "{889BAD2F-38CC-42CE-A869-692501E8829D}"
EndProject
Project("{FAE04EC0-301F-11D3-BF4B-00C04F79EFBC}") = "DataTransferObjects", "DataTransferObjects\DataTransferObjects.csproj", "{A30D5B04-145B-47F1-ABB5-995655486487}"
EndProject
Global
	GlobalSection(SolutionConfigurationPlatforms) = preSolution
		Debug|Any CPU = Debug|Any CPU
		Release|Any CPU = Release|Any CPU
	EndGlobalSection
	GlobalSection(ProjectConfigurationPlatforms) = postSolution
		{9764BB3B-30F6-4003-9E13-4964ACC67793}.Debug|Any CPU.ActiveCfg = Debug|Any CPU
		{9764BB3B-30F6-4003-9E13-4964ACC67793}.Debug|Any CPU.Build.0 = Debug|Any CPU
		{9764BB3B-30F6-4003-9E13-4964ACC67793}.Release|Any CPU.ActiveCfg = Release|Any CPU
		{9764BB3B-30F6-4003-9E13-4964ACC67793}.Release|Any CPU.Build.0 = Release|Any CPU
		{BCD94F35-D5B1-4066-BA34-249E256FFBB4}.Debug|Any CPU.ActiveCfg = Debug|Any CPU
		{BCD94F35-D5B1-4066-BA34-249E256FFBB4}.Debug|Any CPU.Build.0 = Debug|Any CPU
		{BCD94F35-D5B1-4066-BA34-249E256FFBB4}.Release|Any CPU.ActiveCfg = Release|Any CPU
		{BCD94F35-D5B1-4066-BA34-249E256FFBB4}.Release|Any CPU.Build.0 = Release|Any CPU
		{3BD0811B-F008-4FA9-BD3D-7672DDC42C80}.Debug|Any CPU.ActiveCfg = Debug|Any CPU
		{3BD0811B-F008-4FA9-BD3D-7672DDC42C80}.Debug|Any CPU.Build.0 = Debug|Any CPU
		{3BD0811B-F008-4FA9-BD3D-7672DDC42C80}.Release|Any CPU.ActiveCfg = Release|Any CPU
		{3BD0811B-F008-4FA9-BD3D-7672DDC42C80}.Release|Any CPU.Build.0 = Release|Any CPU
		{668CD8A1-AFE8-48BA-BFED-946F42CB744B}.Debug|Any CPU.ActiveCfg = Debug|Any CPU
		{668CD8A1-AFE8-48BA-BFED-946F42CB744B}.Debug|Any CPU.Build.0 = Debug|Any CPU
		{668CD8A1-AFE8-48BA-BFED-946F42CB744B}.Release|Any CPU.ActiveCfg = Release|Any CPU
		{668CD8A1-AFE8-48BA-BFED-946F42CB744B}.Release|Any CPU.Build.0 = Release|Any CPU
		{F9F93293-A0F3-4A1E-885E-6E60D67928CF}.Debug|Any CPU.ActiveCfg = Debug|Any CPU
		{F9F93293-A0F3-4A1E-885E-6E60D67928CF}.Debug|Any CPU.Build.0 = Debug|Any CPU
		{F9F93293-A0F3-4A1E-885E-6E60D67928CF}.Release|Any CPU.ActiveCfg = Release|Any CPU
		{F9F93293-A0F3-4A1E-885E-6E60D67928CF}.Release|Any CPU.Build.0 = Release|Any CPU
		{D5C4D2A3-4169-442B-A666-48137204D6C3}.Debug|Any CPU.ActiveCfg = Debug|Any CPU
		{D5C4D2A3-4169-442B-A666-48137204D6C3}.Debug|Any CPU.Build.0 = Debug|Any CPU
		{D5C4D2A3-4169-442B-A666-48137204D6C3}.Release|Any CPU.ActiveCfg = Release|Any CPU
		{D5C4D2A3-4169-442B-A666-48137204D6C3}.Release|Any CPU.Build.0 = Release|Any CPU
		{889BAD2F-38CC-42CE-A869-692501E8829D}.Debug|Any CPU.ActiveCfg = Debug|Any CPU
		{889BAD2F-38CC-42CE-A869-692501E8829D}.Debug|Any CPU.Build.0 = Debug|Any CPU
		{889BAD2F-38CC-42CE-A869-692501E8829D}.Release|Any CPU.ActiveCfg = Release|Any CPU
		{889BAD2F-38CC-42CE-A869-692501E8829D}.Release|Any CPU.Build.0 = Release|Any CPU
		{A30D5B04-145B-47F1-ABB5-995655486487}.Debug|Any CPU.ActiveCfg = Debug|Any CPU
		{A30D5B04-145B-47F1-ABB5-995655486487}.Debug|Any CPU.Build.0 = Debug|Any CPU
		{A30D5B04-145B-47F1-ABB5-995655486487}.Release|Any CPU.ActiveCfg = Release|Any CPU
		{A30D5B04-145B-47F1-ABB5-995655486487}.Release|Any CPU.Build.0 = Release|Any CPU
	EndGlobalSection
	GlobalSection(SolutionProperties) = preSolution
		HideSolutionNode = FALSE
	EndGlobalSection
	GlobalSection(ExtensibilityGlobals) = postSolution
		SolutionGuid = {2A01AA4F-AEC9-4D0E-8D7B-4772FB5004CA}
	EndGlobalSection
EndGlobal
