
Microsoft Visual Studio Solution File, Format Version 12.00
# Visual Studio Version 17
VisualStudioVersion = 17.0.31903.59
MinimumVisualStudioVersion = 10.0.40219.1
Project("{9A19103F-16F7-4668-BE54-9A1E7A4F7556}") = "GUI", "..\GUI\GUI.csproj", "{45A3A166-01D9-4AD4-817D-540B9E34F5D9}"
EndProject
Project("{9A19103F-16F7-4668-BE54-9A1E7A4F7556}") = "MongoDbSettings", "..\MongoDbSettings\MongoDbSettings.csproj", "{71967CEA-BE26-48E3-A6C9-DBD1EB2F9E68}"
EndProject
Project("{9A19103F-16F7-4668-BE54-9A1E7A4F7556}") = "Strategies", "..\Strategies\Strategies.csproj", "{EBD51933-0808-4AE6-994F-AB14BFF09A40}"
EndProject
Project("{9A19103F-16F7-4668-BE54-9A1E7A4F7556}") = "Common", "..\Common\Common.csproj", "{D682410A-FCEA-44FB-B79C-61353DC2F39E}"
EndProject
Project("{9A19103F-16F7-4668-BE54-9A1E7A4F7556}") = "Connectors", "..\Connectors\Connectors.csproj", "{8368074F-4843-49AE-A0A8-446B854994A5}"
EndProject
Project("{9A19103F-16F7-4668-BE54-9A1E7A4F7556}") = "Traders", "..\Traders\Traders.csproj", "{C52858E6-3F26-4633-8AB0-3B494C935D3D}"
EndProject
Project("{9A19103F-16F7-4668-BE54-9A1E7A4F7556}") = "WebApi", "..\WebApi\WebApi.csproj", "{AF44DA9D-5FAA-4031-AEFF-14B0B3FF94C1}"
EndProject
Project("{9A19103F-16F7-4668-BE54-9A1E7A4F7556}") = "Notifier", "..\Notifier\Notifier.csproj", "{5F2B834E-6983-418E-BBC7-94F12C1A3F3D}"
EndProject
Project("{2150E333-8FDC-42A3-9474-1A3956D46DE8}") = "ConnectorsAndDepends", "ConnectorsAndDepends", "{E461C2FF-532C-4745-A5FB-F2AAB3AD582E}"
EndProject
Project("{2150E333-8FDC-42A3-9474-1A3956D46DE8}") = "CommonProjects", "CommonProjects", "{B5168D7C-7CB1-4D10-832F-3D2A93403E30}"
EndProject
Project("{2150E333-8FDC-42A3-9474-1A3956D46DE8}") = "WebApiAndGui", "WebApiAndGui", "{75FA7F99-3B01-480B-B03E-46A93D31BEA5}"
EndProject
Global
	GlobalSection(SolutionConfigurationPlatforms) = preSolution
		Debug|Any CPU = Debug|Any CPU
		Release|Any CPU = Release|Any CPU
	EndGlobalSection
	GlobalSection(ProjectConfigurationPlatforms) = postSolution
		{45A3A166-01D9-4AD4-817D-540B9E34F5D9}.Debug|Any CPU.ActiveCfg = Debug|Any CPU
		{45A3A166-01D9-4AD4-817D-540B9E34F5D9}.Debug|Any CPU.Build.0 = Debug|Any CPU
		{45A3A166-01D9-4AD4-817D-540B9E34F5D9}.Release|Any CPU.ActiveCfg = Release|Any CPU
		{45A3A166-01D9-4AD4-817D-540B9E34F5D9}.Release|Any CPU.Build.0 = Release|Any CPU
		{71967CEA-BE26-48E3-A6C9-DBD1EB2F9E68}.Debug|Any CPU.ActiveCfg = Debug|Any CPU
		{71967CEA-BE26-48E3-A6C9-DBD1EB2F9E68}.Debug|Any CPU.Build.0 = Debug|Any CPU
		{71967CEA-BE26-48E3-A6C9-DBD1EB2F9E68}.Release|Any CPU.ActiveCfg = Release|Any CPU
		{71967CEA-BE26-48E3-A6C9-DBD1EB2F9E68}.Release|Any CPU.Build.0 = Release|Any CPU
		{EBD51933-0808-4AE6-994F-AB14BFF09A40}.Debug|Any CPU.ActiveCfg = Debug|Any CPU
		{EBD51933-0808-4AE6-994F-AB14BFF09A40}.Debug|Any CPU.Build.0 = Debug|Any CPU
		{EBD51933-0808-4AE6-994F-AB14BFF09A40}.Release|Any CPU.ActiveCfg = Release|Any CPU
		{EBD51933-0808-4AE6-994F-AB14BFF09A40}.Release|Any CPU.Build.0 = Release|Any CPU
		{D682410A-FCEA-44FB-B79C-61353DC2F39E}.Debug|Any CPU.ActiveCfg = Debug|Any CPU
		{D682410A-FCEA-44FB-B79C-61353DC2F39E}.Debug|Any CPU.Build.0 = Debug|Any CPU
		{D682410A-FCEA-44FB-B79C-61353DC2F39E}.Release|Any CPU.ActiveCfg = Release|Any CPU
		{D682410A-FCEA-44FB-B79C-61353DC2F39E}.Release|Any CPU.Build.0 = Release|Any CPU
		{8368074F-4843-49AE-A0A8-446B854994A5}.Debug|Any CPU.ActiveCfg = Debug|Any CPU
		{8368074F-4843-49AE-A0A8-446B854994A5}.Debug|Any CPU.Build.0 = Debug|Any CPU
		{8368074F-4843-49AE-A0A8-446B854994A5}.Release|Any CPU.ActiveCfg = Release|Any CPU
		{8368074F-4843-49AE-A0A8-446B854994A5}.Release|Any CPU.Build.0 = Release|Any CPU
		{C52858E6-3F26-4633-8AB0-3B494C935D3D}.Debug|Any CPU.ActiveCfg = Debug|Any CPU
		{C52858E6-3F26-4633-8AB0-3B494C935D3D}.Debug|Any CPU.Build.0 = Debug|Any CPU
		{C52858E6-3F26-4633-8AB0-3B494C935D3D}.Release|Any CPU.ActiveCfg = Release|Any CPU
		{C52858E6-3F26-4633-8AB0-3B494C935D3D}.Release|Any CPU.Build.0 = Release|Any CPU
		{AF44DA9D-5FAA-4031-AEFF-14B0B3FF94C1}.Debug|Any CPU.ActiveCfg = Debug|Any CPU
		{AF44DA9D-5FAA-4031-AEFF-14B0B3FF94C1}.Debug|Any CPU.Build.0 = Debug|Any CPU
		{AF44DA9D-5FAA-4031-AEFF-14B0B3FF94C1}.Release|Any CPU.ActiveCfg = Release|Any CPU
		{AF44DA9D-5FAA-4031-AEFF-14B0B3FF94C1}.Release|Any CPU.Build.0 = Release|Any CPU
		{5F2B834E-6983-418E-BBC7-94F12C1A3F3D}.Debug|Any CPU.ActiveCfg = Debug|Any CPU
		{5F2B834E-6983-418E-BBC7-94F12C1A3F3D}.Debug|Any CPU.Build.0 = Debug|Any CPU
		{5F2B834E-6983-418E-BBC7-94F12C1A3F3D}.Release|Any CPU.ActiveCfg = Release|Any CPU
		{5F2B834E-6983-418E-BBC7-94F12C1A3F3D}.Release|Any CPU.Build.0 = Release|Any CPU
	EndGlobalSection
	GlobalSection(SolutionProperties) = preSolution
		HideSolutionNode = FALSE
	EndGlobalSection
	GlobalSection(NestedProjects) = preSolution
		{45A3A166-01D9-4AD4-817D-540B9E34F5D9} = {75FA7F99-3B01-480B-B03E-46A93D31BEA5}
		{71967CEA-BE26-48E3-A6C9-DBD1EB2F9E68} = {75FA7F99-3B01-480B-B03E-46A93D31BEA5}
		{EBD51933-0808-4AE6-994F-AB14BFF09A40} = {75FA7F99-3B01-480B-B03E-46A93D31BEA5}
		{D682410A-FCEA-44FB-B79C-61353DC2F39E} = {B5168D7C-7CB1-4D10-832F-3D2A93403E30}
		{8368074F-4843-49AE-A0A8-446B854994A5} = {E461C2FF-532C-4745-A5FB-F2AAB3AD582E}
		{C52858E6-3F26-4633-8AB0-3B494C935D3D} = {75FA7F99-3B01-480B-B03E-46A93D31BEA5}
		{AF44DA9D-5FAA-4031-AEFF-14B0B3FF94C1} = {75FA7F99-3B01-480B-B03E-46A93D31BEA5}
		{5F2B834E-6983-418E-BBC7-94F12C1A3F3D} = {B5168D7C-7CB1-4D10-832F-3D2A93403E30}
	EndGlobalSection
	GlobalSection(ExtensibilityGlobals) = postSolution
		SolutionGuid = {D80C3F59-520D-470B-94C5-93E178173BA0}
	EndGlobalSection
EndGlobal
