
Microsoft Visual Studio Solution File, Format Version 12.00
# Visual Studio Version 16
VisualStudioVersion = 16.0.30114.105
MinimumVisualStudioVersion = 10.0.40219.1
Project("{FAE04EC0-301F-11D3-BF4B-00C04F79EFBC}") = "ContainerStore.Common", "..\ContainerStore.Common\ContainerStore.Common.csproj", "{50475BB1-0C58-401E-8089-E048D5F3F351}"
EndProject
Project("{FAE04EC0-301F-11D3-BF4B-00C04F79EFBC}") = "ContainerStore.Data", "..\ContainerStore.Data\ContainerStore.Data.csproj", "{45B7CC11-C53C-4C00-B729-DD0DE8AE70E6}"
EndProject
Project("{FAE04EC0-301F-11D3-BF4B-00C04F79EFBC}") = "ContainerStore.Gui", "..\ContainerStore.Gui\ContainerStore.Gui.csproj", "{63AEA28C-62CD-4A00-BF4D-932E14BCBC13}"
EndProject
Global
	GlobalSection(SolutionConfigurationPlatforms) = preSolution
		Debug|Any CPU = Debug|Any CPU
		Release|Any CPU = Release|Any CPU
	EndGlobalSection
	GlobalSection(SolutionProperties) = preSolution
		HideSolutionNode = FALSE
	EndGlobalSection
	GlobalSection(ProjectConfigurationPlatforms) = postSolution
		{50475BB1-0C58-401E-8089-E048D5F3F351}.Debug|Any CPU.ActiveCfg = Debug|Any CPU
		{50475BB1-0C58-401E-8089-E048D5F3F351}.Debug|Any CPU.Build.0 = Debug|Any CPU
		{50475BB1-0C58-401E-8089-E048D5F3F351}.Release|Any CPU.ActiveCfg = Release|Any CPU
		{50475BB1-0C58-401E-8089-E048D5F3F351}.Release|Any CPU.Build.0 = Release|Any CPU
		{45B7CC11-C53C-4C00-B729-DD0DE8AE70E6}.Debug|Any CPU.ActiveCfg = Debug|Any CPU
		{45B7CC11-C53C-4C00-B729-DD0DE8AE70E6}.Debug|Any CPU.Build.0 = Debug|Any CPU
		{45B7CC11-C53C-4C00-B729-DD0DE8AE70E6}.Release|Any CPU.ActiveCfg = Release|Any CPU
		{45B7CC11-C53C-4C00-B729-DD0DE8AE70E6}.Release|Any CPU.Build.0 = Release|Any CPU
		{63AEA28C-62CD-4A00-BF4D-932E14BCBC13}.Debug|Any CPU.ActiveCfg = Debug|Any CPU
		{63AEA28C-62CD-4A00-BF4D-932E14BCBC13}.Debug|Any CPU.Build.0 = Debug|Any CPU
		{63AEA28C-62CD-4A00-BF4D-932E14BCBC13}.Release|Any CPU.ActiveCfg = Release|Any CPU
		{63AEA28C-62CD-4A00-BF4D-932E14BCBC13}.Release|Any CPU.Build.0 = Release|Any CPU
	EndGlobalSection
EndGlobal
